{
  "name": "JSLearning",
  "version": "1.0.0",
  "lockfileVersion": 3,
  "requires": true,
  "packages": {
    "": {
      "name": "JSLearning",
      "version": "1.0.0",
      "dependencies": {
        "crypto-js": "^4.2.0",
        "dingtalk-jsapi": "^3.0.29"
      }
    },
    "node_modules/crypto-js": {
      "version": "4.2.0",
      "resolved": "https://registry.npmjs.org/crypto-js/-/crypto-js-4.2.0.tgz",
      "integrity": "sha512-KALDyEYgpY+Rlob/iriUtjV6d5Eq+Y191A5g4UqLAi8CyGP9N1+FdVbkc1SxKc2r4YAYqG8JzO2KGL+AizD70Q=="
    },
    "node_modules/dingtalk-jsapi": {
      "version": "3.0.29",
      "resolved": "https://registry.npmjs.org/dingtalk-jsapi/-/dingtalk-jsapi-3.0.29.tgz",
      "integrity": "sha512-EWIvppWaLruMggjP85KRpM5TIDSfDkSgS4XOljD0Wf8A26wRxZw3oZIxKFaXiusSJuZsIJakj5FM178hpYi2SA==",
      "dependencies": {
        "promise-polyfill": "^7.1.0"
      }
    },
    "node_modules/promise-polyfill": {
      "version": "7.1.2",
      "resolved": "https://registry.npmjs.org/promise-polyfill/-/promise-polyfill-7.1.2.tgz",
      "integrity": "sha512-FuEc12/eKqqoRYIGBrUptCBRhobL19PS2U31vMNTfyck1FxPyMfgsXyW4Mav85y/ZN1hop3hOwRlUDok23oYfQ=="
    }
  }
}
